
Microsoft Visual Studio Solution File, Format Version 12.00
# Visual Studio Version 17
VisualStudioVersion = 17.0.31903.59
MinimumVisualStudioVersion = 10.0.40219.1
Project("{9A19103F-16F7-4668-BE54-9A1E7A4F7556}") = "UserManagement.API", "src\UserManagement.API\UserManagement.API.csproj", "{59D26AE0-3BFA-47BE-8D0E-19162B721A52}"
EndProject
Project("{9A19103F-16F7-4668-BE54-9A1E7A4F7556}") = "UserManagement.Application", "src\UserManagement.Application\UserManagement.Application.csproj", "{BF745E0D-FE63-4A8D-ADF4-1DD1E8C3E630}"
EndProject
Project("{9A19103F-16F7-4668-BE54-9A1E7A4F7556}") = "UserManagement.Infrastructure", "src\UserManagement.Infrastructure\UserManagement.Infrastructure.csproj", "{996E6575-899A-4E89-8C49-274CAF984256}"
EndProject
Project("{9A19103F-16F7-4668-BE54-9A1E7A4F7556}") = "UserManagement.Domain", "src\UserManagement.Domain\UserManagement.Domain.csproj", "{38E59D13-ACD1-46D9-B4B1-0B2A0F5F7199}"
EndProject
Project("{9A19103F-16F7-4668-BE54-9A1E7A4F7556}") = "UserManagement.Tests", "tests\UserManagement.Tests\UserManagement.Tests.csproj", "{3F62302C-1D51-42C6-9C06-0F2F0ED215B1}"
EndProject
Global
	GlobalSection(SolutionConfigurationPlatforms) = preSolution
		Debug|Any CPU = Debug|Any CPU
		Release|Any CPU = Release|Any CPU
	EndGlobalSection
	GlobalSection(ProjectConfigurationPlatforms) = postSolution
		{59D26AE0-3BFA-47BE-8D0E-19162B721A52}.Debug|Any CPU.ActiveCfg = Debug|Any CPU
		{59D26AE0-3BFA-47BE-8D0E-19162B721A52}.Debug|Any CPU.Build.0 = Debug|Any CPU
		{59D26AE0-3BFA-47BE-8D0E-19162B721A52}.Release|Any CPU.ActiveCfg = Release|Any CPU
		{59D26AE0-3BFA-47BE-8D0E-19162B721A52}.Release|Any CPU.Build.0 = Release|Any CPU
		{BF745E0D-FE63-4A8D-ADF4-1DD1E8C3E630}.Debug|Any CPU.ActiveCfg = Debug|Any CPU
		{BF745E0D-FE63-4A8D-ADF4-1DD1E8C3E630}.Debug|Any CPU.Build.0 = Debug|Any CPU
		{BF745E0D-FE63-4A8D-ADF4-1DD1E8C3E630}.Release|Any CPU.ActiveCfg = Release|Any CPU
		{BF745E0D-FE63-4A8D-ADF4-1DD1E8C3E630}.Release|Any CPU.Build.0 = Release|Any CPU
		{996E6575-899A-4E89-8C49-274CAF984256}.Debug|Any CPU.ActiveCfg = Debug|Any CPU
		{996E6575-899A-4E89-8C49-274CAF984256}.Debug|Any CPU.Build.0 = Debug|Any CPU
		{996E6575-899A-4E89-8C49-274CAF984256}.Release|Any CPU.ActiveCfg = Release|Any CPU
		{996E6575-899A-4E89-8C49-274CAF984256}.Release|Any CPU.Build.0 = Release|Any CPU
		{38E59D13-ACD1-46D9-B4B1-0B2A0F5F7199}.Debug|Any CPU.ActiveCfg = Debug|Any CPU
		{38E59D13-ACD1-46D9-B4B1-0B2A0F5F7199}.Debug|Any CPU.Build.0 = Debug|Any CPU
		{38E59D13-ACD1-46D9-B4B1-0B2A0F5F7199}.Release|Any CPU.ActiveCfg = Release|Any CPU
		{38E59D13-ACD1-46D9-B4B1-0B2A0F5F7199}.Release|Any CPU.Build.0 = Release|Any CPU
		{3F62302C-1D51-42C6-9C06-0F2F0ED215B1}.Debug|Any CPU.ActiveCfg = Debug|Any CPU
		{3F62302C-1D51-42C6-9C06-0F2F0ED215B1}.Debug|Any CPU.Build.0 = Debug|Any CPU
		{3F62302C-1D51-42C6-9C06-0F2F0ED215B1}.Release|Any CPU.ActiveCfg = Release|Any CPU
		{3F62302C-1D51-42C6-9C06-0F2F0ED215B1}.Release|Any CPU.Build.0 = Release|Any CPU
	EndGlobalSection
	GlobalSection(SolutionProperties) = preSolution
		HideSolutionNode = FALSE
	EndGlobalSection
	GlobalSection(ExtensibilityGlobals) = postSolution
		SolutionGuid = {76013D9E-95F3-48B1-8287-29331C1C2E3B}
	EndGlobalSection
EndGlobal
